// !$*UTF8*$!
{
	archiveVersion = 1;
	classes = {
	};
	objectVersion = 50;
	objects = {

/* Begin PBXBuildFile section */
		454D9F0125D9828D009BD32D /* AppDelegate.swift in Sources */ = {isa = PBXBuildFile; fileRef = 454D9F0025D9828D009BD32D /* AppDelegate.swift */; };
		454D9F0325D9828D009BD32D /* art.scnassets in Resources */ = {isa = PBXBuildFile; fileRef = 454D9F0225D9828D009BD32D /* art.scnassets */; };
		454D9F0525D9828D009BD32D /* ViewController.swift in Sources */ = {isa = PBXBuildFile; fileRef = 454D9F0425D9828D009BD32D /* ViewController.swift */; };
		454D9F0825D9828D009BD32D /* Main.storyboard in Resources */ = {isa = PBXBuildFile; fileRef = 454D9F0625D9828D009BD32D /* Main.storyboard */; };
		454D9F0A25D98290009BD32D /* Assets.xcassets in Resources */ = {isa = PBXBuildFile; fileRef = 454D9F0925D98290009BD32D /* Assets.xcassets */; };
		454D9F0D25D98290009BD32D /* LaunchScreen.storyboard in Resources */ = {isa = PBXBuildFile; fileRef = 454D9F0B25D98290009BD32D /* LaunchScreen.storyboard */; };
		454D9F1725D982DE009BD32D /* TransparencyTest.scnassets in Resources */ = {isa = PBXBuildFile; fileRef = 454D9F1625D982DE009BD32D /* TransparencyTest.scnassets */; };
		454D9F1F25D986FB009BD32D /* sceneKitBug.jpg in Resources */ = {isa = PBXBuildFile; fileRef = 454D9F1E25D986FB009BD32D /* sceneKitBug.jpg */; };
/* End PBXBuildFile section */

/* Begin PBXFileReference section */
		454D9EFD25D9828D009BD32D /* SceneKitTransparencyBug.app */ = {isa = PBXFileReference; explicitFileType = wrapper.application; includeInIndex = 0; path = SceneKitTransparencyBug.app; sourceTree = BUILT_PRODUCTS_DIR; };
		454D9F0025D9828D009BD32D /* AppDelegate.swift */ = {isa = PBXFileReference; lastKnownFileType = sourcecode.swift; path = AppDelegate.swift; sourceTree = "<group>"; };
		454D9F0225D9828D009BD32D /* art.scnassets */ = {isa = PBXFileReference; lastKnownFileType = wrapper.scnassets; path = art.scnassets; sourceTree = "<group>"; };
		454D9F0425D9828D009BD32D /* ViewController.swift */ = {isa = PBXFileReference; lastKnownFileType = sourcecode.swift; path = ViewController.swift; sourceTree = "<group>"; };
		454D9F0725D9828D009BD32D /* Base */ = {isa = PBXFileReference; lastKnownFileType = file.storyboard; name = Base; path = Base.lproj/Main.storyboard; sourceTree = "<group>"; };
		454D9F0925D98290009BD32D /* Assets.xcassets */ = {isa = PBXFileReference; lastKnownFileType = folder.assetcatalog; path = Assets.xcassets; sourceTree = "<group>"; };
		454D9F0C25D98290009BD32D /* Base */ = {isa = PBXFileReference; lastKnownFileType = file.storyboard; name = Base; path = Base.lproj/LaunchScreen.storyboard; sourceTree = "<group>"; };
		454D9F0E25D98290009BD32D /* Info.plist */ = {isa = PBXFileReference; lastKnownFileType = text.plist.xml; path = Info.plist; sourceTree = "<group>"; };
		454D9F1625D982DE009BD32D /* TransparencyTest.scnassets */ = {isa = PBXFileReference; lastKnownFileType = wrapper.scnassets; path = TransparencyTest.scnassets; sourceTree = "<group>"; };
		454D9F1E25D986FB009BD32D /* sceneKitBug.jpg */ = {isa = PBXFileReference; lastKnownFileType = image.jpeg; path = sceneKitBug.jpg; sourceTree = "<group>"; };
/* End PBXFileReference section */

/* Begin PBXFrameworksBuildPhase section */
		454D9EFA25D9828D009BD32D /* Frameworks */ = {
			isa = PBXFrameworksBuildPhase;
			buildActionMask = 2147483647;
			files = (
			);
			runOnlyForDeploymentPostprocessing = 0;
		};
/* End PBXFrameworksBuildPhase section */

/* Begin PBXGroup section */
		454D9EF425D9828D009BD32D = {
			isa = PBXGroup;
			children = (
				454D9EFF25D9828D009BD32D /* SceneKitTransparencyBug */,
				454D9EFE25D9828D009BD32D /* Products */,
			);
			sourceTree = "<group>";
		};
		454D9EFE25D9828D009BD32D /* Products */ = {
			isa = PBXGroup;
			children = (
				454D9EFD25D9828D009BD32D /* SceneKitTransparencyBug.app */,
			);
			name = Products;
			sourceTree = "<group>";
		};
		454D9EFF25D9828D009BD32D /* SceneKitTransparencyBug */ = {
			isa = PBXGroup;
			children = (
				454D9F1625D982DE009BD32D /* TransparencyTest.scnassets */,
				454D9F0025D9828D009BD32D /* AppDelegate.swift */,
				454D9F0225D9828D009BD32D /* art.scnassets */,
				454D9F0425D9828D009BD32D /* ViewController.swift */,
				454D9F0625D9828D009BD32D /* Main.storyboard */,
				454D9F0925D98290009BD32D /* Assets.xcassets */,
				454D9F1E25D986FB009BD32D /* sceneKitBug.jpg */,
				454D9F0B25D98290009BD32D /* LaunchScreen.storyboard */,
				454D9F0E25D98290009BD32D /* Info.plist */,
			);
			path = SceneKitTransparencyBug;
			sourceTree = "<group>";
		};
/* End PBXGroup section */

/* Begin PBXNativeTarget section */
		454D9EFC25D9828D009BD32D /* SceneKitTransparencyBug */ = {
			isa = PBXNativeTarget;
			buildConfigurationList = 454D9F1125D98290009BD32D /* Build configuration list for PBXNativeTarget "SceneKitTransparencyBug" */;
			buildPhases = (
				454D9EF925D9828D009BD32D /* Sources */,
				454D9EFA25D9828D009BD32D /* Frameworks */,
				454D9EFB25D9828D009BD32D /* Resources */,
			);
			buildRules = (
			);
			dependencies = (
			);
			name = SceneKitTransparencyBug;
			productName = SceneKitTransparencyBug;
			productReference = 454D9EFD25D9828D009BD32D /* SceneKitTransparencyBug.app */;
			productType = "com.apple.product-type.application";
		};
/* End PBXNativeTarget section */

/* Begin PBXProject section */
		454D9EF525D9828D009BD32D /* Project object */ = {
			isa = PBXProject;
			attributes = {
				LastSwiftUpdateCheck = 1250;
				LastUpgradeCheck = 1250;
				TargetAttributes = {
					454D9EFC25D9828D009BD32D = {
						CreatedOnToolsVersion = 12.5;
					};
				};
			};
			buildConfigurationList = 454D9EF825D9828D009BD32D /* Build configuration list for PBXProject "SceneKitTransparencyBug" */;
			compatibilityVersion = "Xcode 9.3";
			developmentRegion = en;
			hasScannedForEncodings = 0;
			knownRegions = (
				en,
				Base,
			);
			mainGroup = 454D9EF425D9828D009BD32D;
			productRefGroup = 454D9EFE25D9828D009BD32D /* Products */;
			projectDirPath = "";
			projectRoot = "";
			targets = (
				454D9EFC25D9828D009BD32D /* SceneKitTransparencyBug */,
			);
		};
/* End PBXProject section */

/* Begin PBXResourcesBuildPhase section */
		454D9EFB25D9828D009BD32D /* Resources */ = {
			isa = PBXResourcesBuildPhase;
			buildActionMask = 2147483647;
			files = (
				454D9F0325D9828D009BD32D /* art.scnassets in Resources */,
				454D9F0D25D98290009BD32D /* LaunchScreen.storyboard in Resources */,
				454D9F1F25D986FB009BD32D /* sceneKitBug.jpg in Resources */,
				454D9F1725D982DE009BD32D /* TransparencyTest.scnassets in Resources */,
				454D9F0A25D98290009BD32D /* Assets.xcassets in Resources */,
				454D9F0825D9828D009BD32D /* Main.storyboard in Resources */,
			);
			runOnlyForDeploymentPostprocessing = 0;
		};
/* End PBXResourcesBuildPhase section */

/* Begin PBXSourcesBuildPhase section */
		454D9EF925D9828D009BD32D /* Sources */ = {
			isa = PBXSourcesBuildPhase;
			buildActionMask = 2147483647;
			files = (
				454D9F0525D9828D009BD32D /* ViewController.swift in Sources */,
				454D9F0125D9828D009BD32D /* AppDelegate.swift in Sources */,
			);
			runOnlyForDeploymentPostprocessing = 0;
		};
/* End PBXSourcesBuildPhase section */

/* Begin PBXVariantGroup section */
		454D9F0625D9828D009BD32D /* Main.storyboard */ = {
			isa = PBXVariantGroup;
			children = (
				454D9F0725D9828D009BD32D /* Base */,
			);
			name = Main.storyboard;
			sourceTree = "<group>";
		};
		454D9F0B25D98290009BD32D /* LaunchScreen.storyboard */ = {
			isa = PBXVariantGroup;
			children = (
				454D9F0C25D98290009BD32D /* Base */,
			);
			name = LaunchScreen.storyboard;
			sourceTree = "<group>";
		};
/* End PBXVariantGroup section */

/* Begin XCBuildConfiguration section */
		454D9F0F25D98290009BD32D /* Debug */ = {
			isa = XCBuildConfiguration;
			buildSettings = {
				ALWAYS_SEARCH_USER_PATHS = NO;
				CLANG_ANALYZER_NONNULL = YES;
				CLANG_ANALYZER_NUMBER_OBJECT_CONVERSION = YES_AGGRESSIVE;
				CLANG_CXX_LANGUAGE_STANDARD = "gnu++14";
				CLANG_CXX_LIBRARY = "libc++";
				CLANG_ENABLE_MODULES = YES;
				CLANG_ENABLE_OBJC_ARC = YES;
				CLANG_ENABLE_OBJC_WEAK = YES;
				CLANG_WARN_BLOCK_CAPTURE_AUTORELEASING = YES;
				CLANG_WARN_BOOL_CONVERSION = YES;
				CLANG_WARN_COMMA = YES;
				CLANG_WARN_CONSTANT_CONVERSION = YES;
				CLANG_WARN_DEPRECATED_OBJC_IMPLEMENTATIONS = YES;
				CLANG_WARN_DIRECT_OBJC_ISA_USAGE = YES_ERROR;
				CLANG_WARN_DOCUMENTATION_COMMENTS = YES;
				CLANG_WARN_EMPTY_BODY = YES;
				CLANG_WARN_ENUM_CONVERSION = YES;
				CLANG_WARN_INFINITE_RECURSION = YES;
				CLANG_WARN_INT_CONVERSION = YES;
				CLANG_WARN_NON_LITERAL_NULL_CONVERSION = YES;
				CLANG_WARN_OBJC_IMPLICIT_RETAIN_SELF = YES;
				CLANG_WARN_OBJC_LITERAL_CONVERSION = YES;
				CLANG_WARN_OBJC_ROOT_CLASS = YES_ERROR;
				CLANG_WARN_QUOTED_INCLUDE_IN_FRAMEWORK_HEADER = YES;
				CLANG_WARN_RANGE_LOOP_ANALYSIS = YES;
				CLANG_WARN_STRICT_PROTOTYPES = YES;
				CLANG_WARN_SUSPICIOUS_MOVE = YES;
				CLANG_WARN_UNGUARDED_AVAILABILITY = YES_AGGRESSIVE;
				CLANG_WARN_UNREACHABLE_CODE = YES;
				CLANG_WARN__DUPLICATE_METHOD_MATCH = YES;
				COPY_PHASE_STRIP = NO;
				DEBUG_INFORMATION_FORMAT = dwarf;
				ENABLE_STRICT_OBJC_MSGSEND = YES;
				ENABLE_TESTABILITY = YES;
				GCC_C_LANGUAGE_STANDARD = gnu11;
				GCC_DYNAMIC_NO_PIC = NO;
				GCC_NO_COMMON_BLOCKS = YES;
				GCC_OPTIMIZATION_LEVEL = 0;
				GCC_PREPROCESSOR_DEFINITIONS = (
					"DEBUG=1",
					"$(inherited)",
				);
				GCC_WARN_64_TO_32_BIT_CONVERSION = YES;
				GCC_WARN_ABOUT_RETURN_TYPE = YES_ERROR;
				GCC_WARN_UNDECLARED_SELECTOR = YES;
				GCC_WARN_UNINITIALIZED_AUTOS = YES_AGGRESSIVE;
				GCC_WARN_UNUSED_FUNCTION = YES;
				GCC_WARN_UNUSED_VARIABLE = YES;
				IPHONEOS_DEPLOYMENT_TARGET = 14.5;
				MTL_ENABLE_DEBUG_INFO = INCLUDE_SOURCE;
				MTL_FAST_MATH = YES;
				ONLY_ACTIVE_ARCH = YES;
				SDKROOT = iphoneos;
				SWIFT_ACTIVE_COMPILATION_CONDITIONS = DEBUG;
				SWIFT_OPTIMIZATION_LEVEL = "-Onone";
			};
			name = Debug;
		};
		454D9F1025D98290009BD32D /* Release */ = {
			isa = XCBuildConfiguration;
			buildSettings = {
				ALWAYS_SEARCH_USER_PATHS = NO;
				CLANG_ANALYZER_NONNULL = YES;
				CLANG_ANALYZER_NUMBER_OBJECT_CONVERSION = YES_AGGRESSIVE;
				CLANG_CXX_LANGUAGE_STANDARD = "gnu++14";
				CLANG_CXX_LIBRARY = "libc++";
				CLANG_ENABLE_MODULES = YES;
				CLANG_ENABLE_OBJC_ARC = YES;
				CLANG_ENABLE_OBJC_WEAK = YES;
				CLANG_WARN_BLOCK_CAPTURE_AUTORELEASING = YES;
				CLANG_WARN_BOOL_CONVERSION = YES;
				CLANG_WARN_COMMA = YES;
				CLANG_WARN_CONSTANT_CONVERSION = YES;
				CLANG_WARN_DEPRECATED_OBJC_IMPLEMENTATIONS = YES;
				CLANG_WARN_DIRECT_OBJC_ISA_USAGE = YES_ERROR;
				CLANG_WARN_DOCUMENTATION_COMMENTS = YES;
				CLANG_WARN_EMPTY_BODY = YES;
				CLANG_WARN_ENUM_CONVERSION = YES;
				CLANG_WARN_INFINITE_RECURSION = YES;
				CLANG_WARN_INT_CONVERSION = YES;
				CLANG_WARN_NON_LITERAL_NULL_CONVERSION = YES;
				CLANG_WARN_OBJC_IMPLICIT_RETAIN_SELF = YES;
				CLANG_WARN_OBJC_LITERAL_CONVERSION = YES;
				CLANG_WARN_OBJC_ROOT_CLASS = YES_ERROR;
				CLANG_WARN_QUOTED_INCLUDE_IN_FRAMEWORK_HEADER = YES;
				CLANG_WARN_RANGE_LOOP_ANALYSIS = YES;
				CLANG_WARN_STRICT_PROTOTYPES = YES;
				CLANG_WARN_SUSPICIOUS_MOVE = YES;
				CLANG_WARN_UNGUARDED_AVAILABILITY = YES_AGGRESSIVE;
				CLANG_WARN_UNREACHABLE_CODE = YES;
				CLANG_WARN__DUPLICATE_METHOD_MATCH = YES;
				COPY_PHASE_STRIP = NO;
				DEBUG_INFORMATION_FORMAT = "dwarf-with-dsym";
				ENABLE_NS_ASSERTIONS = NO;
				ENABLE_STRICT_OBJC_MSGSEND = YES;
				GCC_C_LANGUAGE_STANDARD = gnu11;
				GCC_NO_COMMON_BLOCKS = YES;
				GCC_WARN_64_TO_32_BIT_CONVERSION = YES;
				GCC_WARN_ABOUT_RETURN_TYPE = YES_ERROR;
				GCC_WARN_UNDECLARED_SELECTOR = YES;
				GCC_WARN_UNINITIALIZED_AUTOS = YES_AGGRESSIVE;
				GCC_WARN_UNUSED_FUNCTION = YES;
				GCC_WARN_UNUSED_VARIABLE = YES;
				IPHONEOS_DEPLOYMENT_TARGET = 14.5;
				MTL_ENABLE_DEBUG_INFO = NO;
				MTL_FAST_MATH = YES;
				SDKROOT = iphoneos;
				SWIFT_COMPILATION_MODE = wholemodule;
				SWIFT_OPTIMIZATION_LEVEL = "-O";
				VALIDATE_PRODUCT = YES;
			};
			name = Release;
		};
		454D9F1225D98290009BD32D /* Debug */ = {
			isa = XCBuildConfiguration;
			buildSettings = {
				ASSETCATALOG_COMPILER_APPICON_NAME = AppIcon;
				ASSETCATALOG_COMPILER_GLOBAL_ACCENT_COLOR_NAME = AccentColor;
				CODE_SIGN_STYLE = Automatic;
				DEVELOPMENT_TEAM = GGXD5E6AF8;
				INFOPLIST_FILE = SceneKitTransparencyBug/Info.plist;
				IPHONEOS_DEPLOYMENT_TARGET = 14.3;
				LD_RUNPATH_SEARCH_PATHS = (
					"$(inherited)",
					"@executable_path/Frameworks",
				);
				PRODUCT_BUNDLE_IDENTIFIER = com.laurentb.SceneKitTransparencyBug;
				PRODUCT_NAME = "$(TARGET_NAME)";
				SWIFT_VERSION = 5.0;
				TARGETED_DEVICE_FAMILY = "1,2";
			};
			name = Debug;
		};
		454D9F1325D98290009BD32D /* Release */ = {
			isa = XCBuildConfiguration;
			buildSettings = {
				ASSETCATALOG_COMPILER_APPICON_NAME = AppIcon;
				ASSETCATALOG_COMPILER_GLOBAL_ACCENT_COLOR_NAME = AccentColor;
				CODE_SIGN_STYLE = Automatic;
				DEVELOPMENT_TEAM = GGXD5E6AF8;
				INFOPLIST_FILE = SceneKitTransparencyBug/Info.plist;
				IPHONEOS_DEPLOYMENT_TARGET = 14.3;
				LD_RUNPATH_SEARCH_PATHS = (
					"$(inherited)",
					"@executable_path/Frameworks",
				);
				PRODUCT_BUNDLE_IDENTIFIER = com.laurentb.SceneKitTransparencyBug;
				PRODUCT_NAME = "$(TARGET_NAME)";
				SWIFT_VERSION = 5.0;
				TARGETED_DEVICE_FAMILY = "1,2";
			};
			name = Release;
		};
/* End XCBuildConfiguration section */

/* Begin XCConfigurationList section */
		454D9EF825D9828D009BD32D /* Build configuration list for PBXProject "SceneKitTransparencyBug" */ = {
			isa = XCConfigurationList;
			buildConfigurations = (
				454D9F0F25D98290009BD32D /* Debug */,
				454D9F1025D98290009BD32D /* Release */,
			);
			defaultConfigurationIsVisible = 0;
			defaultConfigurationName = Release;
		};
		454D9F1125D98290009BD32D /* Build configuration list for PBXNativeTarget "SceneKitTransparencyBug" */ = {
			isa = XCConfigurationList;
			buildConfigurations = (
				454D9F1225D98290009BD32D /* Debug */,
				454D9F1325D98290009BD32D /* Release */,
			);
			defaultConfigurationIsVisible = 0;
			defaultConfigurationName = Release;
		};
/* End XCConfigurationList section */
	};
	rootObject = 454D9EF525D9828D009BD32D /* Project object */;
}
